
Microsoft Visual Studio Solution File, Format Version 12.00
# Visual Studio Version 17
VisualStudioVersion = 17.6.33815.320
MinimumVisualStudioVersion = 10.0.40219.1
Project("{FAE04EC0-301F-11D3-BF4B-00C04F79EFBC}") = "Assignment10", "Assignment10\Assignment10.csproj", "{61DEF901-0FE5-4CAC-96DC-CA11901B1D9E}"
EndProject
Global
	GlobalSection(SolutionConfigurationPlatforms) = preSolution
		Debug|Any CPU = Debug|Any CPU
		Release|Any CPU = Release|Any CPU
	EndGlobalSection
	GlobalSection(ProjectConfigurationPlatforms) = postSolution
		{61DEF901-0FE5-4CAC-96DC-CA11901B1D9E}.Debug|Any CPU.ActiveCfg = Debug|Any CPU
		{61DEF901-0FE5-4CAC-96DC-CA11901B1D9E}.Debug|Any CPU.Build.0 = Debug|Any CPU
		{61DEF901-0FE5-4CAC-96DC-CA11901B1D9E}.Release|Any CPU.ActiveCfg = Release|Any CPU
		{61DEF901-0FE5-4CAC-96DC-CA11901B1D9E}.Release|Any CPU.Build.0 = Release|Any CPU
	EndGlobalSection
	GlobalSection(SolutionProperties) = preSolution
		HideSolutionNode = FALSE
	EndGlobalSection
	GlobalSection(ExtensibilityGlobals) = postSolution
		SolutionGuid = {F7550FB3-1BFF-4B2A-BD6F-FCFEBC547CA4}
	EndGlobalSection
EndGlobal
